// !$*UTF8*$!
{
	archiveVersion = 1;
	classes = {
	};
	objectVersion = 46;
	objects = {

/* Begin PBXBuildFile section */
		07AE8F35155A53510068D902 /* UIKit.framework in Frameworks */ = {isa = PBXBuildFile; fileRef = 07AE8F34155A53510068D902 /* UIKit.framework */; };
		07AE8F37155A53510068D902 /* Foundation.framework in Frameworks */ = {isa = PBXBuildFile; fileRef = 07AE8F36155A53510068D902 /* Foundation.framework */; };
		07AE8F39155A53510068D902 /* CoreGraphics.framework in Frameworks */ = {isa = PBXBuildFile; fileRef = 07AE8F38155A53510068D902 /* CoreGraphics.framework */; };
		07AE8F3F155A53510068D902 /* InfoPlist.strings in Resources */ = {isa = PBXBuildFile; fileRef = 07AE8F3D155A53510068D902 /* InfoPlist.strings */; };
		07AE8F41155A53510068D902 /* main.m in Sources */ = {isa = PBXBuildFile; fileRef = 07AE8F40155A53510068D902 /* main.m */; };
		07AE8F45155A53510068D902 /* FirstClassAppDelegate.m in Sources */ = {isa = PBXBuildFile; fileRef = 07AE8F44155A53510068D902 /* FirstClassAppDelegate.m */; };
		07AE8F48155A53510068D902 /* FirstClassViewController.m in Sources */ = {isa = PBXBuildFile; fileRef = 07AE8F47155A53510068D902 /* FirstClassViewController.m */; };
		07AE8F4B155A53510068D902 /* FirstClassViewController.xib in Resources */ = {isa = PBXBuildFile; fileRef = 07AE8F49155A53510068D902 /* FirstClassViewController.xib */; };
		07AE8F53155A53520068D902 /* SenTestingKit.framework in Frameworks */ = {isa = PBXBuildFile; fileRef = 07AE8F52155A53520068D902 /* SenTestingKit.framework */; };
		07AE8F54155A53520068D902 /* UIKit.framework in Frameworks */ = {isa = PBXBuildFile; fileRef = 07AE8F34155A53510068D902 /* UIKit.framework */; };
		07AE8F55155A53520068D902 /* Foundation.framework in Frameworks */ = {isa = PBXBuildFile; fileRef = 07AE8F36155A53510068D902 /* Foundation.framework */; };
		07AE8F5D155A53520068D902 /* InfoPlist.strings in Resources */ = {isa = PBXBuildFile; fileRef = 07AE8F5B155A53520068D902 /* InfoPlist.strings */; };
		07AE8F60155A53520068D902 /* SharKitDemoTests.m in Sources */ = {isa = PBXBuildFile; fileRef = 07AE8F5F155A53520068D902 /* SharKitDemoTests.m */; };
/* End PBXBuildFile section */

/* Begin PBXContainerItemProxy section */
		07AE8F56155A53520068D902 /* PBXContainerItemProxy */ = {
			isa = PBXContainerItemProxy;
			containerPortal = 07AE8F27155A53510068D902 /* Project object */;
			proxyType = 1;
			remoteGlobalIDString = 07AE8F2F155A53510068D902;
			remoteInfo = SharKitDemo;
		};
/* End PBXContainerItemProxy section */

/* Begin PBXFileReference section */
		07AE8F30155A53510068D902 /* SharKitDemo.app */ = {isa = PBXFileReference; explicitFileType = wrapper.application; includeInIndex = 0; path = SharKitDemo.app; sourceTree = BUILT_PRODUCTS_DIR; };
		07AE8F34155A53510068D902 /* UIKit.framework */ = {isa = PBXFileReference; lastKnownFileType = wrapper.framework; name = UIKit.framework; path = System/Library/Frameworks/UIKit.framework; sourceTree = SDKROOT; };
		07AE8F36155A53510068D902 /* Foundation.framework */ = {isa = PBXFileReference; lastKnownFileType = wrapper.framework; name = Foundation.framework; path = System/Library/Frameworks/Foundation.framework; sourceTree = SDKROOT; };
		07AE8F38155A53510068D902 /* CoreGraphics.framework */ = {isa = PBXFileReference; lastKnownFileType = wrapper.framework; name = CoreGraphics.framework; path = System/Library/Frameworks/CoreGraphics.framework; sourceTree = SDKROOT; };
		07AE8F3C155A53510068D902 /* SharKitDemo-Info.plist */ = {isa = PBXFileReference; lastKnownFileType = text.plist.xml; path = "SharKitDemo-Info.plist"; sourceTree = "<group>"; };
		07AE8F3E155A53510068D902 /* en */ = {isa = PBXFileReference; lastKnownFileType = text.plist.strings; name = en; path = en.lproj/InfoPlist.strings; sourceTree = "<group>"; };
		07AE8F40155A53510068D902 /* main.m */ = {isa = PBXFileReference; lastKnownFileType = sourcecode.c.objc; path = main.m; sourceTree = "<group>"; };
		07AE8F42155A53510068D902 /* SharKitDemo-Prefix.pch */ = {isa = PBXFileReference; lastKnownFileType = sourcecode.c.h; path = "SharKitDemo-Prefix.pch"; sourceTree = "<group>"; };
		07AE8F43155A53510068D902 /* FirstClassAppDelegate.h */ = {isa = PBXFileReference; lastKnownFileType = sourcecode.c.h; path = FirstClassAppDelegate.h; sourceTree = "<group>"; };
		07AE8F44155A53510068D902 /* FirstClassAppDelegate.m */ = {isa = PBXFileReference; lastKnownFileType = sourcecode.c.objc; path = FirstClassAppDelegate.m; sourceTree = "<group>"; };
		07AE8F46155A53510068D902 /* FirstClassViewController.h */ = {isa = PBXFileReference; lastKnownFileType = sourcecode.c.h; path = FirstClassViewController.h; sourceTree = "<group>"; };
		07AE8F47155A53510068D902 /* FirstClassViewController.m */ = {isa = PBXFileReference; lastKnownFileType = sourcecode.c.objc; path = FirstClassViewController.m; sourceTree = "<group>"; };
		07AE8F4A155A53510068D902 /* en */ = {isa = PBXFileReference; lastKnownFileType = file.xib; name = en; path = en.lproj/FirstClassViewController.xib; sourceTree = "<group>"; };
		07AE8F51155A53520068D902 /* SharKitDemoTests.octest */ = {isa = PBXFileReference; explicitFileType = wrapper.cfbundle; includeInIndex = 0; path = SharKitDemoTests.octest; sourceTree = BUILT_PRODUCTS_DIR; };
		07AE8F52155A53520068D902 /* SenTestingKit.framework */ = {isa = PBXFileReference; lastKnownFileType = wrapper.framework; name = SenTestingKit.framework; path = Library/Frameworks/SenTestingKit.framework; sourceTree = DEVELOPER_DIR; };
		07AE8F5A155A53520068D902 /* SharKitDemoTests-Info.plist */ = {isa = PBXFileReference; lastKnownFileType = text.plist.xml; path = "SharKitDemoTests-Info.plist"; sourceTree = "<group>"; };
		07AE8F5C155A53520068D902 /* en */ = {isa = PBXFileReference; lastKnownFileType = text.plist.strings; name = en; path = en.lproj/InfoPlist.strings; sourceTree = "<group>"; };
		07AE8F5E155A53520068D902 /* SharKitDemoTests.h */ = {isa = PBXFileReference; lastKnownFileType = sourcecode.c.h; path = SharKitDemoTests.h; sourceTree = "<group>"; };
		07AE8F5F155A53520068D902 /* SharKitDemoTests.m */ = {isa = PBXFileReference; lastKnownFileType = sourcecode.c.objc; path = SharKitDemoTests.m; sourceTree = "<group>"; };
/* End PBXFileReference section */

/* Begin PBXFrameworksBuildPhase section */
		07AE8F2D155A53510068D902 /* Frameworks */ = {
			isa = PBXFrameworksBuildPhase;
			buildActionMask = 2147483647;
			files = (
				07AE8F35155A53510068D902 /* UIKit.framework in Frameworks */,
				07AE8F37155A53510068D902 /* Foundation.framework in Frameworks */,
				07AE8F39155A53510068D902 /* CoreGraphics.framework in Frameworks */,
			);
			runOnlyForDeploymentPostprocessing = 0;
		};
		07AE8F4D155A53520068D902 /* Frameworks */ = {
			isa = PBXFrameworksBuildPhase;
			buildActionMask = 2147483647;
			files = (
				07AE8F53155A53520068D902 /* SenTestingKit.framework in Frameworks */,
				07AE8F54155A53520068D902 /* UIKit.framework in Frameworks */,
				07AE8F55155A53520068D902 /* Foundation.framework in Frameworks */,
			);
			runOnlyForDeploymentPostprocessing = 0;
		};
/* End PBXFrameworksBuildPhase section */

/* Begin PBXGroup section */
		07AE8F25155A53510068D902 = {
			isa = PBXGroup;
			children = (
				07AE8F3A155A53510068D902 /* SharKitDemo */,
				07AE8F58155A53520068D902 /* SharKitDemoTests */,
				07AE8F33155A53510068D902 /* Frameworks */,
				07AE8F31155A53510068D902 /* Products */,
			);
			sourceTree = "<group>";
		};
		07AE8F31155A53510068D902 /* Products */ = {
			isa = PBXGroup;
			children = (
				07AE8F30155A53510068D902 /* SharKitDemo.app */,
				07AE8F51155A53520068D902 /* SharKitDemoTests.octest */,
			);
			name = Products;
			sourceTree = "<group>";
		};
		07AE8F33155A53510068D902 /* Frameworks */ = {
			isa = PBXGroup;
			children = (
				07AE8F34155A53510068D902 /* UIKit.framework */,
				07AE8F36155A53510068D902 /* Foundation.framework */,
				07AE8F38155A53510068D902 /* CoreGraphics.framework */,
				07AE8F52155A53520068D902 /* SenTestingKit.framework */,
			);
			name = Frameworks;
			sourceTree = "<group>";
		};
		07AE8F3A155A53510068D902 /* SharKitDemo */ = {
			isa = PBXGroup;
			children = (
				07AE8F43155A53510068D902 /* FirstClassAppDelegate.h */,
				07AE8F44155A53510068D902 /* FirstClassAppDelegate.m */,
				07AE8F46155A53510068D902 /* FirstClassViewController.h */,
				07AE8F47155A53510068D902 /* FirstClassViewController.m */,
				07AE8F49155A53510068D902 /* FirstClassViewController.xib */,
				07AE8F3B155A53510068D902 /* Supporting Files */,
			);
			path = SharKitDemo;
			sourceTree = "<group>";
		};
		07AE8F3B155A53510068D902 /* Supporting Files */ = {
			isa = PBXGroup;
			children = (
				07AE8F3C155A53510068D902 /* SharKitDemo-Info.plist */,
				07AE8F3D155A53510068D902 /* InfoPlist.strings */,
				07AE8F40155A53510068D902 /* main.m */,
				07AE8F42155A53510068D902 /* SharKitDemo-Prefix.pch */,
			);
			name = "Supporting Files";
			sourceTree = "<group>";
		};
		07AE8F58155A53520068D902 /* SharKitDemoTests */ = {
			isa = PBXGroup;
			children = (
				07AE8F5E155A53520068D902 /* SharKitDemoTests.h */,
				07AE8F5F155A53520068D902 /* SharKitDemoTests.m */,
				07AE8F59155A53520068D902 /* Supporting Files */,
			);
			path = SharKitDemoTests;
			sourceTree = "<group>";
		};
		07AE8F59155A53520068D902 /* Supporting Files */ = {
			isa = PBXGroup;
			children = (
				07AE8F5A155A53520068D902 /* SharKitDemoTests-Info.plist */,
				07AE8F5B155A53520068D902 /* InfoPlist.strings */,
			);
			name = "Supporting Files";
			sourceTree = "<group>";
		};
/* End PBXGroup section */

/* Begin PBXNativeTarget section */
		07AE8F2F155A53510068D902 /* SharKitDemo */ = {
			isa = PBXNativeTarget;
			buildConfigurationList = 07AE8F63155A53520068D902 /* Build configuration list for PBXNativeTarget "SharKitDemo" */;
			buildPhases = (
				07AE8F2C155A53510068D902 /* Sources */,
				07AE8F2D155A53510068D902 /* Frameworks */,
				07AE8F2E155A53510068D902 /* Resources */,
			);
			buildRules = (
			);
			dependencies = (
			);
			name = SharKitDemo;
			productName = SharKitDemo;
			productReference = 07AE8F30155A53510068D902 /* SharKitDemo.app */;
			productType = "com.apple.product-type.application";
		};
		07AE8F50155A53520068D902 /* SharKitDemoTests */ = {
			isa = PBXNativeTarget;
			buildConfigurationList = 07AE8F66155A53520068D902 /* Build configuration list for PBXNativeTarget "SharKitDemoTests" */;
			buildPhases = (
				07AE8F4C155A53520068D902 /* Sources */,
				07AE8F4D155A53520068D902 /* Frameworks */,
				07AE8F4E155A53520068D902 /* Resources */,
				07AE8F4F155A53520068D902 /* ShellScript */,
			);
			buildRules = (
			);
			dependencies = (
				07AE8F57155A53520068D902 /* PBXTargetDependency */,
			);
			name = SharKitDemoTests;
			productName = SharKitDemoTests;
			productReference = 07AE8F51155A53520068D902 /* SharKitDemoTests.octest */;
			productType = "com.apple.product-type.bundle";
		};
/* End PBXNativeTarget section */

/* Begin PBXProject section */
		07AE8F27155A53510068D902 /* Project object */ = {
			isa = PBXProject;
			attributes = {
				LastUpgradeCheck = 0420;
				ORGANIZATIONNAME = "pranav.thakker@sufalamtech.com";
			};
			buildConfigurationList = 07AE8F2A155A53510068D902 /* Build configuration list for PBXProject "SharKitDemo" */;
			compatibilityVersion = "Xcode 3.2";
			developmentRegion = English;
			hasScannedForEncodings = 0;
			knownRegions = (
				en,
			);
			mainGroup = 07AE8F25155A53510068D902;
			productRefGroup = 07AE8F31155A53510068D902 /* Products */;
			projectDirPath = "";
			projectRoot = "";
			targets = (
				07AE8F2F155A53510068D902 /* SharKitDemo */,
				07AE8F50155A53520068D902 /* SharKitDemoTests */,
			);
		};
/* End PBXProject section */

/* Begin PBXResourcesBuildPhase section */
		07AE8F2E155A53510068D902 /* Resources */ = {
			isa = PBXResourcesBuildPhase;
			buildActionMask = 2147483647;
			files = (
				07AE8F3F155A53510068D902 /* InfoPlist.strings in Resources */,
				07AE8F4B155A53510068D902 /* FirstClassViewController.xib in Resources */,
			);
			runOnlyForDeploymentPostprocessing = 0;
		};
		07AE8F4E155A53520068D902 /* Resources */ = {
			isa = PBXResourcesBuildPhase;
			buildActionMask = 2147483647;
			files = (
				07AE8F5D155A53520068D902 /* InfoPlist.strings in Resources */,
			);
			runOnlyForDeploymentPostprocessing = 0;
		};
/* End PBXResourcesBuildPhase section */

/* Begin PBXShellScriptBuildPhase section */
		07AE8F4F155A53520068D902 /* ShellScript */ = {
			isa = PBXShellScriptBuildPhase;
			buildActionMask = 2147483647;
			files = (
			);
			inputPaths = (
			);
			outputPaths = (
			);
			runOnlyForDeploymentPostprocessing = 0;
			shellPath = /bin/sh;
			shellScript = "# Run the unit tests in this test bundle.\n\"${SYSTEM_DEVELOPER_DIR}/Tools/RunUnitTests\"\n";
		};
/* End PBXShellScriptBuildPhase section */

/* Begin PBXSourcesBuildPhase section */
		07AE8F2C155A53510068D902 /* Sources */ = {
			isa = PBXSourcesBuildPhase;
			buildActionMask = 2147483647;
			files = (
				07AE8F41155A53510068D902 /* main.m in Sources */,
				07AE8F45155A53510068D902 /* FirstClassAppDelegate.m in Sources */,
				07AE8F48155A53510068D902 /* FirstClassViewController.m in Sources */,
			);
			runOnlyForDeploymentPostprocessing = 0;
		};
		07AE8F4C155A53520068D902 /* Sources */ = {
			isa = PBXSourcesBuildPhase;
			buildActionMask = 2147483647;
			files = (
				07AE8F60155A53520068D902 /* SharKitDemoTests.m in Sources */,
			);
			runOnlyForDeploymentPostprocessing = 0;
		};
/* End PBXSourcesBuildPhase section */

/* Begin PBXTargetDependency section */
		07AE8F57155A53520068D902 /* PBXTargetDependency */ = {
			isa = PBXTargetDependency;
			target = 07AE8F2F155A53510068D902 /* SharKitDemo */;
			targetProxy = 07AE8F56155A53520068D902 /* PBXContainerItemProxy */;
		};
/* End PBXTargetDependency section */

/* Begin PBXVariantGroup section */
		07AE8F3D155A53510068D902 /* InfoPlist.strings */ = {
			isa = PBXVariantGroup;
			children = (
				07AE8F3E155A53510068D902 /* en */,
			);
			name = InfoPlist.strings;
			sourceTree = "<group>";
		};
		07AE8F49155A53510068D902 /* FirstClassViewController.xib */ = {
			isa = PBXVariantGroup;
			children = (
				07AE8F4A155A53510068D902 /* en */,
			);
			name = FirstClassViewController.xib;
			sourceTree = "<group>";
		};
		07AE8F5B155A53520068D902 /* InfoPlist.strings */ = {
			isa = PBXVariantGroup;
			children = (
				07AE8F5C155A53520068D902 /* en */,
			);
			name = InfoPlist.strings;
			sourceTree = "<group>";
		};
/* End PBXVariantGroup section */

/* Begin XCBuildConfiguration section */
		07AE8F61155A53520068D902 /* Debug */ = {
			isa = XCBuildConfiguration;
			buildSettings = {
				ALWAYS_SEARCH_USER_PATHS = NO;
				ARCHS = "$(ARCHS_STANDARD_32_BIT)";
				"CODE_SIGN_IDENTITY[sdk=iphoneos*]" = "iPhone Developer";
				COPY_PHASE_STRIP = NO;
				GCC_C_LANGUAGE_STANDARD = gnu99;
				GCC_DYNAMIC_NO_PIC = NO;
				GCC_OPTIMIZATION_LEVEL = 0;
				GCC_PREPROCESSOR_DEFINITIONS = (
					"DEBUG=1",
					"$(inherited)",
				);
				GCC_SYMBOLS_PRIVATE_EXTERN = NO;
				GCC_VERSION = com.apple.compilers.llvm.clang.1_0;
				GCC_WARN_ABOUT_MISSING_PROTOTYPES = YES;
				GCC_WARN_ABOUT_RETURN_TYPE = YES;
				GCC_WARN_UNUSED_VARIABLE = YES;
				IPHONEOS_DEPLOYMENT_TARGET = 5.0;
				SDKROOT = iphoneos;
			};
			name = Debug;
		};
		07AE8F62155A53520068D902 /* Release */ = {
			isa = XCBuildConfiguration;
			buildSettings = {
				ALWAYS_SEARCH_USER_PATHS = NO;
				ARCHS = "$(ARCHS_STANDARD_32_BIT)";
				"CODE_SIGN_IDENTITY[sdk=iphoneos*]" = "iPhone Developer";
				COPY_PHASE_STRIP = YES;
				GCC_C_LANGUAGE_STANDARD = gnu99;
				GCC_VERSION = com.apple.compilers.llvm.clang.1_0;
				GCC_WARN_ABOUT_MISSING_PROTOTYPES = YES;
				GCC_WARN_ABOUT_RETURN_TYPE = YES;
				GCC_WARN_UNUSED_VARIABLE = YES;
				IPHONEOS_DEPLOYMENT_TARGET = 5.0;
				OTHER_CFLAGS = "-DNS_BLOCK_ASSERTIONS=1";
				SDKROOT = iphoneos;
				VALIDATE_PRODUCT = YES;
			};
			name = Release;
		};
		07AE8F64155A53520068D902 /* Debug */ = {
			isa = XCBuildConfiguration;
			buildSettings = {
				GCC_PRECOMPILE_PREFIX_HEADER = YES;
				GCC_PREFIX_HEADER = "SharKitDemo/SharKitDemo-Prefix.pch";
				INFOPLIST_FILE = "SharKitDemo/SharKitDemo-Info.plist";
				PRODUCT_NAME = "$(TARGET_NAME)";
				WRAPPER_EXTENSION = app;
			};
			name = Debug;
		};
		07AE8F65155A53520068D902 /* Release */ = {
			isa = XCBuildConfiguration;
			buildSettings = {
				GCC_PRECOMPILE_PREFIX_HEADER = YES;
				GCC_PREFIX_HEADER = "SharKitDemo/SharKitDemo-Prefix.pch";
				INFOPLIST_FILE = "SharKitDemo/SharKitDemo-Info.plist";
				PRODUCT_NAME = "$(TARGET_NAME)";
				WRAPPER_EXTENSION = app;
			};
			name = Release;
		};
		07AE8F67155A53520068D902 /* Debug */ = {
			isa = XCBuildConfiguration;
			buildSettings = {
				BUNDLE_LOADER = "$(BUILT_PRODUCTS_DIR)/SharKitDemo.app/SharKitDemo";
				FRAMEWORK_SEARCH_PATHS = (
					"$(SDKROOT)/Developer/Library/Frameworks",
					"$(DEVELOPER_LIBRARY_DIR)/Frameworks",
				);
				GCC_PRECOMPILE_PREFIX_HEADER = YES;
				GCC_PREFIX_HEADER = "SharKitDemo/SharKitDemo-Prefix.pch";
				INFOPLIST_FILE = "SharKitDemoTests/SharKitDemoTests-Info.plist";
				PRODUCT_NAME = "$(TARGET_NAME)";
				TEST_HOST = "$(BUNDLE_LOADER)";
				WRAPPER_EXTENSION = octest;
			};
			name = Debug;
		};
		07AE8F68155A53520068D902 /* Release */ = {
			isa = XCBuildConfiguration;
			buildSettings = {
				BUNDLE_LOADER = "$(BUILT_PRODUCTS_DIR)/SharKitDemo.app/SharKitDemo";
				FRAMEWORK_SEARCH_PATHS = (
					"$(SDKROOT)/Developer/Library/Frameworks",
					"$(DEVELOPER_LIBRARY_DIR)/Frameworks",
				);
				GCC_PRECOMPILE_PREFIX_HEADER = YES;
				GCC_PREFIX_HEADER = "SharKitDemo/SharKitDemo-Prefix.pch";
				INFOPLIST_FILE = "SharKitDemoTests/SharKitDemoTests-Info.plist";
				PRODUCT_NAME = "$(TARGET_NAME)";
				TEST_HOST = "$(BUNDLE_LOADER)";
				WRAPPER_EXTENSION = octest;
			};
			name = Release;
		};
/* End XCBuildConfiguration section */

/* Begin XCConfigurationList section */
		07AE8F2A155A53510068D902 /* Build configuration list for PBXProject "SharKitDemo" */ = {
			isa = XCConfigurationList;
			buildConfigurations = (
				07AE8F61155A53520068D902 /* Debug */,
				07AE8F62155A53520068D902 /* Release */,
			);
			defaultConfigurationIsVisible = 0;
			defaultConfigurationName = Release;
		};
		07AE8F63155A53520068D902 /* Build configuration list for PBXNativeTarget "SharKitDemo" */ = {
			isa = XCConfigurationList;
			buildConfigurations = (
				07AE8F64155A53520068D902 /* Debug */,
				07AE8F65155A53520068D902 /* Release */,
			);
			defaultConfigurationIsVisible = 0;
		};
		07AE8F66155A53520068D902 /* Build configuration list for PBXNativeTarget "SharKitDemoTests" */ = {
			isa = XCConfigurationList;
			buildConfigurations = (
				07AE8F67155A53520068D902 /* Debug */,
				07AE8F68155A53520068D902 /* Release */,
			);
			defaultConfigurationIsVisible = 0;
		};
/* End XCConfigurationList section */
	};
	rootObject = 07AE8F27155A53510068D902 /* Project object */;
}
